{
  "lockfileVersion": 1,
  "configVersion": 1,
  "workspaces": {
    "": {
      "name": "openagentlayer",
      "dependencies": {
        "@clack/prompts": "^1.4.0",
        "@openagentlayer/accept": "workspace:*",
        "@openagentlayer/adapter": "workspace:*",
        "@openagentlayer/artifact": "workspace:*",
        "@openagentlayer/cli": "workspace:*",
        "@openagentlayer/deploy": "workspace:*",
        "@openagentlayer/inspect": "workspace:*",
        "@openagentlayer/manifest": "workspace:*",
        "@openagentlayer/plugins": "workspace:*",
        "@openagentlayer/policy": "workspace:*",
        "@openagentlayer/runtime": "workspace:*",
        "@openagentlayer/setup": "workspace:*",
        "@openagentlayer/source": "workspace:*",
        "@openagentlayer/symphony": "workspace:*",
        "@openagentlayer/toolchain": "workspace:*",
        "@opencode-ai/plugin": "1.14.48",
        "commander": "^14.0.3",
      },
      "devDependencies": {
        "@biomejs/biome": "2.4.15",
        "bun-types": "1.3.13",
      },
    },
    "packages/accept": {
      "name": "@openagentlayer/accept",
      "version": "0.0.0",
      "dependencies": {
        "@openagentlayer/adapter": "workspace:*",
        "@openagentlayer/artifact": "workspace:*",
        "@openagentlayer/deploy": "workspace:*",
        "@openagentlayer/manifest": "workspace:*",
        "@openagentlayer/plugins": "workspace:*",
        "@openagentlayer/policy": "workspace:*",
        "@openagentlayer/runtime": "workspace:*",
        "@openagentlayer/setup": "workspace:*",
        "@openagentlayer/source": "workspace:*",
      },
    },
    "packages/adapter": {
      "name": "@openagentlayer/adapter",
      "version": "0.0.0",
      "dependencies": {
        "@openagentlayer/artifact": "workspace:*",
        "@openagentlayer/inspect": "workspace:*",
        "@openagentlayer/source": "workspace:*",
        "@opencode-ai/plugin": "^1.14.48",
      },
    },
    "packages/artifact": {
      "name": "@openagentlayer/artifact",
      "version": "0.0.0",
      "dependencies": {
        "@openagentlayer/source": "workspace:*",
      },
    },
    "packages/cli": {
      "name": "@openagentlayer/cli",
      "version": "0.0.0",
      "bin": {
        "oal": "./src/main.ts",
      },
      "dependencies": {
        "@clack/prompts": "^1.3.0",
        "@openagentlayer/accept": "workspace:*",
        "@openagentlayer/adapter": "workspace:*",
        "@openagentlayer/artifact": "workspace:*",
        "@openagentlayer/deploy": "workspace:*",
        "@openagentlayer/inspect": "workspace:*",
        "@openagentlayer/plugins": "workspace:*",
        "@openagentlayer/policy": "workspace:*",
        "@openagentlayer/setup": "workspace:*",
        "@openagentlayer/source": "workspace:*",
        "@openagentlayer/symphony": "workspace:*",
        "@openagentlayer/toolchain": "workspace:*",
        "commander": "^14.0.3",
      },
    },
    "packages/deploy": {
      "name": "@openagentlayer/deploy",
      "version": "0.0.0",
      "dependencies": {
        "@openagentlayer/artifact": "workspace:*",
        "@openagentlayer/manifest": "workspace:*",
        "@openagentlayer/source": "workspace:*",
      },
    },
    "packages/inspect": {
      "name": "@openagentlayer/inspect",
      "version": "0.0.0",
      "dependencies": {
        "@openagentlayer/artifact": "workspace:*",
        "@openagentlayer/manifest": "workspace:*",
        "@openagentlayer/source": "workspace:*",
      },
    },
    "packages/manifest": {
      "name": "@openagentlayer/manifest",
      "version": "0.0.0",
      "dependencies": {
        "@openagentlayer/artifact": "workspace:*",
        "@openagentlayer/source": "workspace:*",
      },
    },
    "packages/plugins": {
      "name": "@openagentlayer/plugins",
      "version": "0.0.0",
      "dependencies": {
        "@openagentlayer/adapter": "workspace:*",
        "@openagentlayer/artifact": "workspace:*",
        "@openagentlayer/source": "workspace:*",
      },
    },
    "packages/policy": {
      "name": "@openagentlayer/policy",
      "version": "0.0.0",
      "dependencies": {
        "@openagentlayer/source": "workspace:*",
      },
    },
    "packages/runtime": {
      "name": "@openagentlayer/runtime",
    },
    "packages/setup": {
      "name": "@openagentlayer/setup",
      "version": "0.0.0",
      "dependencies": {
        "@openagentlayer/source": "workspace:*",
        "@openagentlayer/toolchain": "workspace:*",
      },
    },
    "packages/source": {
      "name": "@openagentlayer/source",
      "version": "0.0.0",
    },
    "packages/symphony": {
      "name": "@openagentlayer/symphony",
      "version": "0.0.0",
      "bin": {
        "symphony": "./src/cli.ts",
      },
    },
    "packages/toolchain": {
      "name": "@openagentlayer/toolchain",
      "version": "0.0.0",
    },
  },
  "packages": {
    "@biomejs/biome": ["@biomejs/biome@2.4.15", "", { "optionalDependencies": { "@biomejs/cli-darwin-arm64": "2.4.15", "@biomejs/cli-darwin-x64": "2.4.15", "@biomejs/cli-linux-arm64": "2.4.15", "@biomejs/cli-linux-arm64-musl": "2.4.15", "@biomejs/cli-linux-x64": "2.4.15", "@biomejs/cli-linux-x64-musl": "2.4.15", "@biomejs/cli-win32-arm64": "2.4.15", "@biomejs/cli-win32-x64": "2.4.15" }, "bin": { "biome": "bin/biome" } }, "sha512-j5VH3a/h/HXTKBM50MDMxRCzkeLv9S2XJcW2WgnZT1+xyisi+0bISrXR82gCX+8S9lvK0skEvHJRN+3Ktr2hlw=="],

    "@biomejs/cli-darwin-arm64": ["@biomejs/cli-darwin-arm64@2.4.15", "", { "os": "darwin", "cpu": "arm64" }, "sha512-rF3PPqLq1yoST79zaQbDjVJwsuIeci/O+9bgNmC5QpgOqz6aqYuzA4abyAGx+mgyiDXn4A049xAN8gijbuR1Qg=="],

    "@biomejs/cli-darwin-x64": ["@biomejs/cli-darwin-x64@2.4.15", "", { "os": "darwin", "cpu": "x64" }, "sha512-/5KHXYMfSJs1fNXiX30xFtI8JcCFV6zaVVLxOa0M2sfqBKHkpQhRTv94yxQWxeTY2lzo2OuTlNvPC+hDQt2wcQ=="],

    "@biomejs/cli-linux-arm64": ["@biomejs/cli-linux-arm64@2.4.15", "", { "os": "linux", "cpu": "arm64" }, "sha512-owaAMZD/T4LrD0ELNCk0Km3qrRHuM0X6EAyVE1FSqGY0rbLoiDLrO4Us2tllm6cAeB2Ioa9C2C08NZPdr8+0Ug=="],

    "@biomejs/cli-linux-arm64-musl": ["@biomejs/cli-linux-arm64-musl@2.4.15", "", { "os": "linux", "cpu": "arm64" }, "sha512-ZPcxznxm0pogHBLZhYntyR3sR+MrZjqJIKEr7ZqVen0Rl+P/4upVmfYXjftizi9RoqZntg33fv/1fbdhbYXpEQ=="],

    "@biomejs/cli-linux-x64": ["@biomejs/cli-linux-x64@2.4.15", "", { "os": "linux", "cpu": "x64" }, "sha512-0jj7THz12GbUOLmMibktK6DZjqz2zV64KFxyBtcFTKPiiOIY0a7vns1elpO1dERvxpsZ5ik0oFfz0oGwFde1+g=="],

    "@biomejs/cli-linux-x64-musl": ["@biomejs/cli-linux-x64-musl@2.4.15", "", { "os": "linux", "cpu": "x64" }, "sha512-CNq/9W38SYSH023lfcQ4KKU8K0YX8T//FZUhcgtMMRABDojx5XsMV7jlweAvGSl389wJQB29Qo6Zb/a+jdvt+w=="],

    "@biomejs/cli-win32-arm64": ["@biomejs/cli-win32-arm64@2.4.15", "", { "os": "win32", "cpu": "arm64" }, "sha512-ouhkYdlhp/1GghEJPdWwD/Vi3gQ1nFxuSpMolWsbq3Lsq3QUR4jl6UdhhscdCugKU5vOEuMiJhvKj66O0OCq+w=="],

    "@biomejs/cli-win32-x64": ["@biomejs/cli-win32-x64@2.4.15", "", { "os": "win32", "cpu": "x64" }, "sha512-zBrGq5mx5wwpnow4+2BxUvleDM+GNd4sLbPaMapsSLQLD0NGRCquqPBTgN+7XkUteHvj7M+BstuI8tmnV7+HgQ=="],

    "@clack/core": ["@clack/core@1.3.1", "", { "dependencies": { "fast-wrap-ansi": "^0.2.0", "sisteransi": "^1.0.5" } }, "sha512-fT1qHVGAag4IEkrupZ6lRRbNCs1vS9P01KB/sG8zKgvUztbYtFBtQpjSITNwooDZ83tpsPzP0mRNs1/KVszCRA=="],

    "@clack/prompts": ["@clack/prompts@1.4.0", "", { "dependencies": { "@clack/core": "1.3.1", "fast-string-width": "^3.0.2", "fast-wrap-ansi": "^0.2.0", "sisteransi": "^1.0.5" } }, "sha512-S0My7XPGIgpRWMDG8uRqalbgT+a6FmCUdOW+HaIOVVpUPHOb7RrpvjTjiODadKp06fsrVDJZlIzc6yCTp4AnxA=="],

    "@msgpackr-extract/msgpackr-extract-darwin-arm64": ["@msgpackr-extract/msgpackr-extract-darwin-arm64@3.0.3", "", { "os": "darwin", "cpu": "arm64" }, "sha512-QZHtlVgbAdy2zAqNA9Gu1UpIuI8Xvsd1v8ic6B2pZmeFnFcMWiPLfWXh7TVw4eGEZ/C9TH281KwhVoeQUKbyjw=="],

    "@msgpackr-extract/msgpackr-extract-darwin-x64": ["@msgpackr-extract/msgpackr-extract-darwin-x64@3.0.3", "", { "os": "darwin", "cpu": "x64" }, "sha512-mdzd3AVzYKuUmiWOQ8GNhl64/IoFGol569zNRdkLReh6LRLHOXxU4U8eq0JwaD8iFHdVGqSy4IjFL4reoWCDFw=="],

    "@msgpackr-extract/msgpackr-extract-linux-arm": ["@msgpackr-extract/msgpackr-extract-linux-arm@3.0.3", "", { "os": "linux", "cpu": "arm" }, "sha512-fg0uy/dG/nZEXfYilKoRe7yALaNmHoYeIoJuJ7KJ+YyU2bvY8vPv27f7UKhGRpY6euFYqEVhxCFZgAUNQBM3nw=="],

    "@msgpackr-extract/msgpackr-extract-linux-arm64": ["@msgpackr-extract/msgpackr-extract-linux-arm64@3.0.3", "", { "os": "linux", "cpu": "arm64" }, "sha512-YxQL+ax0XqBJDZiKimS2XQaf+2wDGVa1enVRGzEvLLVFeqa5kx2bWbtcSXgsxjQB7nRqqIGFIcLteF/sHeVtQg=="],

    "@msgpackr-extract/msgpackr-extract-linux-x64": ["@msgpackr-extract/msgpackr-extract-linux-x64@3.0.3", "", { "os": "linux", "cpu": "x64" }, "sha512-cvwNfbP07pKUfq1uH+S6KJ7dT9K8WOE4ZiAcsrSes+UY55E/0jLYc+vq+DO7jlmqRb5zAggExKm0H7O/CBaesg=="],

    "@msgpackr-extract/msgpackr-extract-win32-x64": ["@msgpackr-extract/msgpackr-extract-win32-x64@3.0.3", "", { "os": "win32", "cpu": "x64" }, "sha512-x0fWaQtYp4E6sktbsdAqnehxDgEc/VwM7uLsRCYWaiGu0ykYdZPiS8zCWdnjHwyiumousxfBm4SO31eXqwEZhQ=="],

    "@openagentlayer/accept": ["@openagentlayer/accept@workspace:packages/accept"],

    "@openagentlayer/adapter": ["@openagentlayer/adapter@workspace:packages/adapter"],

    "@openagentlayer/artifact": ["@openagentlayer/artifact@workspace:packages/artifact"],

    "@openagentlayer/cli": ["@openagentlayer/cli@workspace:packages/cli"],

    "@openagentlayer/deploy": ["@openagentlayer/deploy@workspace:packages/deploy"],

    "@openagentlayer/inspect": ["@openagentlayer/inspect@workspace:packages/inspect"],

    "@openagentlayer/manifest": ["@openagentlayer/manifest@workspace:packages/manifest"],

    "@openagentlayer/plugins": ["@openagentlayer/plugins@workspace:packages/plugins"],

    "@openagentlayer/policy": ["@openagentlayer/policy@workspace:packages/policy"],

    "@openagentlayer/runtime": ["@openagentlayer/runtime@workspace:packages/runtime"],

    "@openagentlayer/setup": ["@openagentlayer/setup@workspace:packages/setup"],

    "@openagentlayer/source": ["@openagentlayer/source@workspace:packages/source"],

    "@openagentlayer/symphony": ["@openagentlayer/symphony@workspace:packages/symphony"],

    "@openagentlayer/toolchain": ["@openagentlayer/toolchain@workspace:packages/toolchain"],

    "@opencode-ai/plugin": ["@opencode-ai/plugin@1.14.48", "", { "dependencies": { "@opencode-ai/sdk": "1.14.48", "effect": "4.0.0-beta.59", "zod": "4.1.8" }, "peerDependencies": { "@opentui/core": ">=0.2.6", "@opentui/keymap": ">=0.2.6", "@opentui/solid": ">=0.2.6" }, "optionalPeers": ["@opentui/core", "@opentui/keymap", "@opentui/solid"] }, "sha512-pb2ywByzn4i35WWJquEYyb8lDC/ph1PLXT+heucJN6Y9U/oeSw98JQV93IG7M6BUBks6MKD3DGDJdQfyD6x0rA=="],

    "@opencode-ai/sdk": ["@opencode-ai/sdk@1.14.48", "", { "dependencies": { "cross-spawn": "7.0.6" } }, "sha512-wKM86jCzV/ZApyWrdm3uP8XdWcS0LMbu3FV+OWz1ChiGGg1wiIWNGMJs5CY8/QX2/rUuZrd1Q1DqvdamZ0zLeg=="],

    "@standard-schema/spec": ["@standard-schema/spec@1.1.0", "", {}, "sha512-l2aFy5jALhniG5HgqrD6jXLi/rUWrKvqN/qJx6yoJsgKhblVd+iqqU4RCXavm/jPityDo5TCvKMnpjKnOriy0w=="],

    "@types/node": ["@types/node@25.6.0", "", { "dependencies": { "undici-types": "~7.19.0" } }, "sha512-+qIYRKdNYJwY3vRCZMdJbPLJAtGjQBudzZzdzwQYkEPQd+PJGixUL5QfvCLDaULoLv+RhT3LDkwEfKaAkgSmNQ=="],

    "bun-types": ["bun-types@1.3.13", "", { "dependencies": { "@types/node": "*" } }, "sha512-QXKeHLlOLqQX9LgYaHJfzdBaV21T63HhFJnvuRCcjZiaUDpbs5ED1MgxbMra71CsryN/1dAoXuJJJwIv/2drVA=="],

    "commander": ["commander@14.0.3", "", {}, "sha512-H+y0Jo/T1RZ9qPP4Eh1pkcQcLRglraJaSLoyOtHxu6AapkjWVCy2Sit1QQ4x3Dng8qDlSsZEet7g5Pq06MvTgw=="],

    "cross-spawn": ["cross-spawn@7.0.6", "", { "dependencies": { "path-key": "^3.1.0", "shebang-command": "^2.0.0", "which": "^2.0.1" } }, "sha512-uV2QOWP2nWzsy2aMp8aRibhi9dlzF5Hgh5SHaB9OiTGEyDTiJJyx0uy51QXdyWbtAHNua4XJzUKca3OzKUd3vA=="],

    "detect-libc": ["detect-libc@2.1.2", "", {}, "sha512-Btj2BOOO83o3WyH59e8MgXsxEQVcarkUOpEYrubB0urwnN10yQ364rsiByU11nZlqWYZm05i/of7io4mzihBtQ=="],

    "effect": ["effect@4.0.0-beta.59", "", { "dependencies": { "@standard-schema/spec": "^1.1.0", "fast-check": "^4.6.0", "find-my-way-ts": "^0.1.6", "ini": "^6.0.0", "kubernetes-types": "^1.30.0", "msgpackr": "^1.11.9", "multipasta": "^0.2.7", "toml": "^4.1.1", "uuid": "^13.0.0", "yaml": "^2.8.3" } }, "sha512-xyUDLeHSe8d6lWGOvR6Fgn2HL6gYeTZ/S4Jzk9uc4ZUxMPPsNZlNXrvk0C7/utQFzeX7uAWcVnG2BjbA0SRoAA=="],

    "fast-check": ["fast-check@4.7.0", "", { "dependencies": { "pure-rand": "^8.0.0" } }, "sha512-NsZRtqvSSoCP0HbNjUD+r1JH8zqZalyp6gLY9e7OYs7NK9b6AHOs2baBFeBG7bVNsuoukh89x2Yg3rPsul8ziQ=="],

    "fast-string-truncated-width": ["fast-string-truncated-width@3.0.3", "", {}, "sha512-0jjjIEL6+0jag3l2XWWizO64/aZVtpiGE3t0Zgqxv0DPuxiMjvB3M24fCyhZUO4KomJQPj3LTSUnDP3GpdwC0g=="],

    "fast-string-width": ["fast-string-width@3.0.2", "", { "dependencies": { "fast-string-truncated-width": "^3.0.2" } }, "sha512-gX8LrtNEI5hq8DVUfRQMbr5lpaS4nMIWV+7XEbXk2b8kiQIizgnlr12B4dA3ZEx3308ze0O4Q1R+cHts8kyUJg=="],

    "fast-wrap-ansi": ["fast-wrap-ansi@0.2.0", "", { "dependencies": { "fast-string-width": "^3.0.2" } }, "sha512-rLV8JHxTyhVmFYhBJuMujcrHqOT2cnO5Zxj37qROj23CP39GXubJRBUFF0z8KFK77Uc0SukZUf7JZhsVEQ6n8w=="],

    "find-my-way-ts": ["find-my-way-ts@0.1.6", "", {}, "sha512-a85L9ZoXtNAey3Y6Z+eBWW658kO/MwR7zIafkIUPUMf3isZG0NCs2pjW2wtjxAKuJPxMAsHUIP4ZPGv0o5gyTA=="],

    "ini": ["ini@6.0.0", "", {}, "sha512-IBTdIkzZNOpqm7q3dRqJvMaldXjDHWkEDfrwGEQTs5eaQMWV+djAhR+wahyNNMAa+qpbDUhBMVt4ZKNwpPm7xQ=="],

    "isexe": ["isexe@2.0.0", "", {}, "sha512-RHxMLp9lnKHGHRng9QFhRCMbYAcVpn69smSGcq3f36xjgVVWThj4qqLbTLlq7Ssj8B+fIQ1EuCEGI2lKsyQeIw=="],

    "kubernetes-types": ["kubernetes-types@1.30.0", "", {}, "sha512-Dew1okvhM/SQcIa2rcgujNndZwU8VnSapDgdxlYoB84ZlpAD43U6KLAFqYo17ykSFGHNPrg0qry0bP+GJd9v7Q=="],

    "msgpackr": ["msgpackr@1.11.12", "", { "optionalDependencies": { "msgpackr-extract": "^3.0.2" } }, "sha512-RBdJ1Un7yGlXWajrkxcSa93nvQ0w4zBf60c0yYv7YtBelP8H2FA7XsfBbMHtXKXUMUxH7zV3Zuozh+kUQWhHvg=="],

    "msgpackr-extract": ["msgpackr-extract@3.0.3", "", { "dependencies": { "node-gyp-build-optional-packages": "5.2.2" }, "optionalDependencies": { "@msgpackr-extract/msgpackr-extract-darwin-arm64": "3.0.3", "@msgpackr-extract/msgpackr-extract-darwin-x64": "3.0.3", "@msgpackr-extract/msgpackr-extract-linux-arm": "3.0.3", "@msgpackr-extract/msgpackr-extract-linux-arm64": "3.0.3", "@msgpackr-extract/msgpackr-extract-linux-x64": "3.0.3", "@msgpackr-extract/msgpackr-extract-win32-x64": "3.0.3" }, "bin": { "download-msgpackr-prebuilds": "bin/download-prebuilds.js" } }, "sha512-P0efT1C9jIdVRefqjzOQ9Xml57zpOXnIuS+csaB4MdZbTdmGDLo8XhzBG1N7aO11gKDDkJvBLULeFTo46wwreA=="],

    "multipasta": ["multipasta@0.2.7", "", {}, "sha512-KPA58d68KgGil15oDqXjkUBEBYc00XvbPj5/X+dyzeo/lWm9Nc25pQRlf1D+gv4OpK7NM0J1odrbu9JNNGvynA=="],

    "node-gyp-build-optional-packages": ["node-gyp-build-optional-packages@5.2.2", "", { "dependencies": { "detect-libc": "^2.0.1" }, "bin": { "node-gyp-build-optional-packages": "bin.js", "node-gyp-build-optional-packages-optional": "optional.js", "node-gyp-build-optional-packages-test": "build-test.js" } }, "sha512-s+w+rBWnpTMwSFbaE0UXsRlg7hU4FjekKU4eyAih5T8nJuNZT1nNsskXpxmeqSK9UzkBl6UgRlnKc8hz8IEqOw=="],

    "path-key": ["path-key@3.1.1", "", {}, "sha512-ojmeN0qd+y0jszEtoY48r0Peq5dwMEkIlCOu6Q5f41lfkswXuKtYrhgoTpLnyIcHm24Uhqx+5Tqm2InSwLhE6Q=="],

    "pure-rand": ["pure-rand@8.4.0", "", {}, "sha512-IoM8YF/jY0hiugFo/wOWqfmarlE6J0wc6fDK1PhftMk7MGhVZl88sZimmqBBFomLOCSmcCCpsfj7wXASCpvK9A=="],

    "shebang-command": ["shebang-command@2.0.0", "", { "dependencies": { "shebang-regex": "^3.0.0" } }, "sha512-kHxr2zZpYtdmrN1qDjrrX/Z1rR1kG8Dx+gkpK1G4eXmvXswmcE1hTWBWYUzlraYw1/yZp6YuDY77YtvbN0dmDA=="],

    "shebang-regex": ["shebang-regex@3.0.0", "", {}, "sha512-7++dFhtcx3353uBaq8DDR4NuxBetBzC7ZQOhmTQInHEd6bSrXdiEyzCvG07Z44UYdLShWUyXt5M/yhz8ekcb1A=="],

    "sisteransi": ["sisteransi@1.0.5", "", {}, "sha512-bLGGlR1QxBcynn2d5YmDX4MGjlZvy2MRBDRNHLJ8VI6l6+9FUiyTFNJ0IveOSP0bcXgVDPRcfGqA0pjaqUpfVg=="],

    "toml": ["toml@4.1.1", "", {}, "sha512-EBJnVBr3dTXdA89WVFoAIPUqkBjxPMwRqsfuo1r240tKFHXv3zgca4+NJib/h6TyvGF7vOawz0jGuryJCdNHrw=="],

    "undici-types": ["undici-types@7.19.2", "", {}, "sha512-qYVnV5OEm2AW8cJMCpdV20CDyaN3g0AjDlOGf1OW4iaDEx8MwdtChUp4zu4H0VP3nDRF/8RKWH+IPp9uW0YGZg=="],

    "uuid": ["uuid@13.0.1", "", { "bin": { "uuid": "dist-node/bin/uuid" } }, "sha512-9ezox2roIft6ExBVTVqibSd5dc5/47Sw/uY6b4SjQUT2TzQ0tltNquWA46y4xPQmdZYqvnio22SgWd41M86+jw=="],

    "which": ["which@2.0.2", "", { "dependencies": { "isexe": "^2.0.0" }, "bin": { "node-which": "./bin/node-which" } }, "sha512-BLI3Tl1TW3Pvl70l3yq3Y64i+awpwXqsGBYWkkqMtnbXgrMD+yj7rhW0kuEDxzJaYXGjEW5ogapKNMEKNMjibA=="],

    "yaml": ["yaml@2.8.4", "", { "bin": { "yaml": "bin.mjs" } }, "sha512-ml/JPOj9fOQK8RNnWojA67GbZ0ApXAUlN2UQclwv2eVgTgn7O9gg9o7paZWKMp4g0H3nTLtS9LVzhkpOFIKzog=="],

    "zod": ["zod@4.1.8", "", {}, "sha512-5R1P+WwQqmmMIEACyzSvo4JXHY5WiAFHRMg+zBZKgKS+Q1viRa0C1hmUKtHltoIFKtIdki3pRxkmpP74jnNYHQ=="],

    "@openagentlayer/cli/@clack/prompts": ["@clack/prompts@1.3.0", "", { "dependencies": { "@clack/core": "1.3.0", "fast-string-width": "^3.0.2", "fast-wrap-ansi": "^0.2.0", "sisteransi": "^1.0.5" } }, "sha512-GgcWwRCs/xPtaqlMy8qRhPnZf9vlWcWZNHAitnVQ3yk7JmSralSiq5q07yaffYE8SogtDm7zFeKccx1QNVARpw=="],

    "@openagentlayer/cli/@clack/prompts/@clack/core": ["@clack/core@1.3.0", "", { "dependencies": { "fast-wrap-ansi": "^0.2.0", "sisteransi": "^1.0.5" } }, "sha512-xJPHpAmEQUBrXSLx0gF+q5K/IyihXpsHZcha+jB+tyahsKRK3Dxo4D0coZDewHo12NhiuzC3dTtMPbm53GEAAA=="],
  }
}
