{
  "lockfileVersion": 1,
  "configVersion": 1,
  "workspaces": {
    "": {
      "dependencies": {
        "@opencode-ai/plugin": "1.2.15",
        "glob": "^13.0.6",
        "zod": "4.3.6",
      },
      "devDependencies": {
        "@biomejs/biome": "^2.4.5",
        "@types/bun": "^1.3.10",
        "@types/node": "^25.3.3",
        "typescript": "^5.9.3",
      },
    },
  },
  "packages": {
    "@biomejs/biome": [
      "@biomejs/biome@2.4.9",
      "",
      {
        "optionalDependencies": {
          "@biomejs/cli-darwin-arm64": "2.4.9",
          "@biomejs/cli-darwin-x64": "2.4.9",
          "@biomejs/cli-linux-arm64": "2.4.9",
          "@biomejs/cli-linux-arm64-musl": "2.4.9",
          "@biomejs/cli-linux-x64": "2.4.9",
          "@biomejs/cli-linux-x64-musl": "2.4.9",
          "@biomejs/cli-win32-arm64": "2.4.9",
          "@biomejs/cli-win32-x64": "2.4.9"
        },
        "bin": {
          "biome": "bin/biome"
        }
      },
      "sha512-wvZW92FrwitTcacvCBT8xdAbfbxWfDLwjYMmU3djjqQTh7Ni4ZdiWIT/x5VcZ+RQuxiKzIOzi5D+dcyJDFZMsA=="
    ],
    "@biomejs/cli-darwin-arm64": [
      "@biomejs/cli-darwin-arm64@2.4.9",
      "",
      {
        "os": "darwin",
        "cpu": "arm64"
      },
      "sha512-d5G8Gf2RpH5pYwiHLPA+UpG3G9TLQu4WM+VK6sfL7K68AmhcEQ9r+nkj/DvR/GYhYox6twsHUtmWWWIKfcfQQA=="
    ],
    "@biomejs/cli-darwin-x64": [
      "@biomejs/cli-darwin-x64@2.4.9",
      "",
      {
        "os": "darwin",
        "cpu": "x64"
      },
      "sha512-LNCLNgqDMG7BLdc3a8aY/dwKPK7+R8/JXJoXjCvZh2gx8KseqBdFDKbhrr7HCWF8SzNhbTaALhTBoh/I6rf9lA=="
    ],
    "@biomejs/cli-linux-arm64": [
      "@biomejs/cli-linux-arm64@2.4.9",
      "",
      {
        "os": "linux",
        "cpu": "arm64"
      },
      "sha512-4adnkAUi6K4C/emPRgYznMOcLlUqZdXWM6aIui4VP4LraE764g6Q4YguygnAUoxKjKIXIWPteKMgRbN0wsgwcg=="
    ],
    "@biomejs/cli-linux-arm64-musl": [
      "@biomejs/cli-linux-arm64-musl@2.4.9",
      "",
      {
        "os": "linux",
        "cpu": "arm64"
      },
      "sha512-8RCww5xnPn2wpK4L/QDGDOW0dq80uVWfppPxHIUg6mOs9B6gRmqPp32h1Ls3T8GnW8Wo5A8u7vpTwz4fExN+sw=="
    ],
    "@biomejs/cli-linux-x64": [
      "@biomejs/cli-linux-x64@2.4.9",
      "",
      {
        "os": "linux",
        "cpu": "x64"
      },
      "sha512-L10na7POF0Ks/cgLFNF1ZvIe+X4onLkTi5oP9hY+Rh60Q+7fWzKDDCeGyiHUFf1nGIa9dQOOUPGe2MyYg8nMSQ=="
    ],
    "@biomejs/cli-linux-x64-musl": [
      "@biomejs/cli-linux-x64-musl@2.4.9",
      "",
      {
        "os": "linux",
        "cpu": "x64"
      },
      "sha512-5TD+WS9v5vzXKzjetF0hgoaNFHMcpQeBUwKKVi3JbG1e9UCrFuUK3Gt185fyTzvRdwYkJJEMqglRPjmesmVv4A=="
    ],
    "@biomejs/cli-win32-arm64": [
      "@biomejs/cli-win32-arm64@2.4.9",
      "",
      {
        "os": "win32",
        "cpu": "arm64"
      },
      "sha512-aDZr0RBC3sMGJOU10BvG7eZIlWLK/i51HRIfScE2lVhfts2dQTreowLiJJd+UYg/tHKxS470IbzpuKmd0MiD6g=="
    ],
    "@biomejs/cli-win32-x64": [
      "@biomejs/cli-win32-x64@2.4.9",
      "",
      {
        "os": "win32",
        "cpu": "x64"
      },
      "sha512-NS4g/2G9SoQ4ktKtz31pvyc/rmgzlcIDCGU/zWbmHJAqx6gcRj2gj5Q/guXhoWTzCUaQZDIqiCQXHS7BcGYc0w=="
    ],
    "@opencode-ai/plugin": [
      "@opencode-ai/plugin@1.2.15",
      "",
      {
        "dependencies": {
          "@opencode-ai/sdk": "1.2.15",
          "zod": "4.1.8"
        }
      },
      "sha512-mh9S05W+CZZmo6q3uIEBubS66QVgiev7fRafX7vemrCfz+3pEIkSwipLjU/sxIewC9yLiDWLqS73DH/iEQzVDw=="
    ],
    "@opencode-ai/sdk": [
      "@opencode-ai/sdk@1.2.15",
      "",
      {},
      "sha512-NUJNlyBCdZ4R0EBLjJziEQOp2XbRPJosaMcTcWSWO5XJPKGUpz0u8ql+5cR8K+v2RJ+hp2NobtNwpjEYfe6BRQ=="
    ],
    "@types/bun": [
      "@types/bun@1.3.11",
      "",
      {
        "dependencies": {
          "bun-types": "1.3.11"
        }
      },
      "sha512-5vPne5QvtpjGpsGYXiFyycfpDF2ECyPcTSsFBMa0fraoxiQyMJ3SmuQIGhzPg2WJuWxVBoxWJ2kClYTcw/4fAg=="
    ],
    "@types/node": [
      "@types/node@25.5.0",
      "",
      {
        "dependencies": {
          "undici-types": "~7.18.0"
        }
      },
      "sha512-jp2P3tQMSxWugkCUKLRPVUpGaL5MVFwF8RDuSRztfwgN1wmqJeMSbKlnEtQqU8UrhTmzEmZdu2I6v2dpp7XIxw=="
    ],
    "balanced-match": [
      "balanced-match@4.0.3",
      "",
      {},
      "sha512-1pHv8LX9CpKut1Zp4EXey7Z8OfH11ONNH6Dhi2WDUt31VVZFXZzKwXcysBgqSumFCmR+0dqjMK5v5JiFHzi0+g=="
    ],
    "brace-expansion": [
      "brace-expansion@5.0.2",
      "",
      {
        "dependencies": {
          "balanced-match": "^4.0.2"
        }
      },
      "sha512-Pdk8c9poy+YhOgVWw1JNN22/HcivgKWwpxKq04M/jTmHyCZn12WPJebZxdjSa5TmBqISrUSgNYU3eRORljfCCw=="
    ],
    "bun-types": [
      "bun-types@1.3.11",
      "",
      {
        "dependencies": {
          "@types/node": "*"
        }
      },
      "sha512-1KGPpoxQWl9f6wcZh57LvrPIInQMn2TQ7jsgxqpRzg+l0QPOFvJVH7HmvHo/AiPgwXy+/Thf6Ov3EdVn1vOabg=="
    ],
    "glob": [
      "glob@13.0.6",
      "",
      {
        "dependencies": {
          "minimatch": "^10.2.2",
          "minipass": "^7.1.3",
          "path-scurry": "^2.0.2"
        }
      },
      "sha512-Wjlyrolmm8uDpm/ogGyXZXb1Z+Ca2B8NbJwqBVg0axK9GbBeoS7yGV6vjXnYdGm6X53iehEuxxbyiKp8QmN4Vw=="
    ],
    "lru-cache": [
      "lru-cache@11.2.6",
      "",
      {},
      "sha512-ESL2CrkS/2wTPfuend7Zhkzo2u0daGJ/A2VucJOgQ/C48S/zB8MMeMHSGKYpXhIjbPxfuezITkaBH1wqv00DDQ=="
    ],
    "minimatch": [
      "minimatch@10.2.4",
      "",
      {
        "dependencies": {
          "brace-expansion": "^5.0.2"
        }
      },
      "sha512-oRjTw/97aTBN0RHbYCdtF1MQfvusSIBQM0IZEgzl6426+8jSC0nF1a/GmnVLpfB9yyr6g6FTqWqiZVbxrtaCIg=="
    ],
    "minipass": [
      "minipass@7.1.3",
      "",
      {},
      "sha512-tEBHqDnIoM/1rXME1zgka9g6Q2lcoCkxHLuc7ODJ5BxbP5d4c2Z5cGgtXAku59200Cx7diuHTOYfSBD8n6mm8A=="
    ],
    "path-scurry": [
      "path-scurry@2.0.2",
      "",
      {
        "dependencies": {
          "lru-cache": "^11.0.0",
          "minipass": "^7.1.2"
        }
      },
      "sha512-3O/iVVsJAPsOnpwWIeD+d6z/7PmqApyQePUtCndjatj/9I5LylHvt5qluFaBT3I5h3r1ejfR056c+FCv+NnNXg=="
    ],
    "typescript": [
      "typescript@5.9.3",
      "",
      {
        "bin": {
          "tsc": "bin/tsc",
          "tsserver": "bin/tsserver"
        }
      },
      "sha512-jl1vZzPDinLr9eUt3J/t7V6FgNEw9QjvBPdysz9KfQDD41fQrC2Y4vKQdiaUpFT4bXlb1RHhLpp8wtm6M5TgSw=="
    ],
    "undici-types": [
      "undici-types@7.18.2",
      "",
      {},
      "sha512-AsuCzffGHJybSaRrmr5eHr81mwJU3kjw6M+uprWvCXiNeN9SOGwQ3Jn8jb8m3Z6izVgknn1R0FTCEAP2QrLY/w=="
    ],
    "zod": [
      "zod@4.3.6",
      "",
      {},
      "sha512-rftlrkhHZOcjDwkGlnUtZZkvaPHCsDATp4pGpuOOMDaTdDDXF91wuVDJoWoPsKX/3YPQ5fHuF3STjcYyKr+Qhg=="
    ],
    "@opencode-ai/plugin/zod": [
      "zod@4.1.8",
      "",
      {},
      "sha512-5R1P+WwQqmmMIEACyzSvo4JXHY5WiAFHRMg+zBZKgKS+Q1viRa0C1hmUKtHltoIFKtIdki3pRxkmpP74jnNYHQ=="
    ],
  }
}
